
Microsoft Visual Studio Solution File, Format Version 12.00
# Visual Studio 15
VisualStudioVersion = 15.0.28306.52
MinimumVisualStudioVersion = 10.0.40219.1
Project("{FAE04EC0-301F-11D3-BF4B-00C04F79EFBC}") = "demoVoiceNumber", "demoVoiceNumber\demoVoiceNumber.csproj", "{D0B23B0D-C53E-4C0D-A5C0-69A91B95BD63}"
EndProject
Global
	GlobalSection(SolutionConfigurationPlatforms) = preSolution
		Debug|Any CPU = Debug|Any CPU
		Release|Any CPU = Release|Any CPU
	EndGlobalSection
	GlobalSection(ProjectConfigurationPlatforms) = postSolution
		{D0B23B0D-C53E-4C0D-A5C0-69A91B95BD63}.Debug|Any CPU.ActiveCfg = Debug|Any CPU
		{D0B23B0D-C53E-4C0D-A5C0-69A91B95BD63}.Debug|Any CPU.Build.0 = Debug|Any CPU
		{D0B23B0D-C53E-4C0D-A5C0-69A91B95BD63}.Release|Any CPU.ActiveCfg = Release|Any CPU
		{D0B23B0D-C53E-4C0D-A5C0-69A91B95BD63}.Release|Any CPU.Build.0 = Release|Any CPU
	EndGlobalSection
	GlobalSection(SolutionProperties) = preSolution
		HideSolutionNode = FALSE
	EndGlobalSection
	GlobalSection(ExtensibilityGlobals) = postSolution
		SolutionGuid = {B0BBD7C0-CB3E-42F7-BE4F-B66DDD7FC400}
	EndGlobalSection
EndGlobal
